// !$*UTF8*$!
{
	archiveVersion = 1;
	classes = {
	};
	objectVersion = 51;
	objects = {

/* Begin PBXBuildFile section */
		56EBA6AAAC4C6A9A75BE41A2 /* Pods_timeschedule2.framework in Frameworks */ = {isa = PBXBuildFile; fileRef = 24B48CA2C52161016E4A1F89 /* Pods_timeschedule2.framework */; };
		F17F401F25F4A31F008DF6AB /* AppDelegate.swift in Sources */ = {isa = PBXBuildFile; fileRef = F17F401E25F4A31F008DF6AB /* AppDelegate.swift */; };
		F17F402125F4A31F008DF6AB /* SceneDelegate.swift in Sources */ = {isa = PBXBuildFile; fileRef = F17F402025F4A31F008DF6AB /* SceneDelegate.swift */; };
		F17F402325F4A31F008DF6AB /* ViewController.swift in Sources */ = {isa = PBXBuildFile; fileRef = F17F402225F4A31F008DF6AB /* ViewController.swift */; };
		F17F402625F4A31F008DF6AB /* Main.storyboard in Resources */ = {isa = PBXBuildFile; fileRef = F17F402425F4A31F008DF6AB /* Main.storyboard */; };
		F17F402825F4A320008DF6AB /* Assets.xcassets in Resources */ = {isa = PBXBuildFile; fileRef = F17F402725F4A320008DF6AB /* Assets.xcassets */; };
		F17F402B25F4A320008DF6AB /* LaunchScreen.storyboard in Resources */ = {isa = PBXBuildFile; fileRef = F17F402925F4A320008DF6AB /* LaunchScreen.storyboard */; };
		F17F403625F4A320008DF6AB /* timeschedule2Tests.swift in Sources */ = {isa = PBXBuildFile; fileRef = F17F403525F4A320008DF6AB /* timeschedule2Tests.swift */; };
		F17F404125F4A320008DF6AB /* timeschedule2UITests.swift in Sources */ = {isa = PBXBuildFile; fileRef = F17F404025F4A320008DF6AB /* timeschedule2UITests.swift */; };
		F17F405325F4A49D008DF6AB /* TableViewCell.swift in Sources */ = {isa = PBXBuildFile; fileRef = F17F405125F4A49D008DF6AB /* TableViewCell.swift */; };
		F17F405425F4A49D008DF6AB /* TableViewCell.xib in Resources */ = {isa = PBXBuildFile; fileRef = F17F405225F4A49D008DF6AB /* TableViewCell.xib */; };
		F17F405925F4A564008DF6AB /* GraphViewController.swift in Sources */ = {isa = PBXBuildFile; fileRef = F17F405825F4A564008DF6AB /* GraphViewController.swift */; };
		F17F405E25F4A5A2008DF6AB /* ChartView.swift in Sources */ = {isa = PBXBuildFile; fileRef = F17F405D25F4A5A2008DF6AB /* ChartView.swift */; };
		F17F406325F4A5D1008DF6AB /* NyuryokuViewController.swift in Sources */ = {isa = PBXBuildFile; fileRef = F17F406225F4A5D1008DF6AB /* NyuryokuViewController.swift */; };
		F17F406925F4A603008DF6AB /* CustomTableViewCell.swift in Sources */ = {isa = PBXBuildFile; fileRef = F17F406725F4A603008DF6AB /* CustomTableViewCell.swift */; };
		F17F406A25F4A603008DF6AB /* CustomTableViewCell.xib in Resources */ = {isa = PBXBuildFile; fileRef = F17F406825F4A603008DF6AB /* CustomTableViewCell.xib */; };
		F17F406F25F4A69B008DF6AB /* PageViewController.swift in Sources */ = {isa = PBXBuildFile; fileRef = F17F406E25F4A69B008DF6AB /* PageViewController.swift */; };
		F17F407D25F4B942008DF6AB /* time.swift in Sources */ = {isa = PBXBuildFile; fileRef = F17F407C25F4B942008DF6AB /* time.swift */; };
/* End PBXBuildFile section */

/* Begin PBXContainerItemProxy section */
		F17F403225F4A320008DF6AB /* PBXContainerItemProxy */ = {
			isa = PBXContainerItemProxy;
			containerPortal = F17F401325F4A31F008DF6AB /* Project object */;
			proxyType = 1;
			remoteGlobalIDString = F17F401A25F4A31F008DF6AB;
			remoteInfo = timeschedule2;
		};
		F17F403D25F4A320008DF6AB /* PBXContainerItemProxy */ = {
			isa = PBXContainerItemProxy;
			containerPortal = F17F401325F4A31F008DF6AB /* Project object */;
			proxyType = 1;
			remoteGlobalIDString = F17F401A25F4A31F008DF6AB;
			remoteInfo = timeschedule2;
		};
/* End PBXContainerItemProxy section */

/* Begin PBXFileReference section */
		24B48CA2C52161016E4A1F89 /* Pods_timeschedule2.framework */ = {isa = PBXFileReference; explicitFileType = wrapper.framework; includeInIndex = 0; path = Pods_timeschedule2.framework; sourceTree = BUILT_PRODUCTS_DIR; };
		2C49184580E140421AC0AC4F /* Pods-timeschedule2.debug.xcconfig */ = {isa = PBXFileReference; includeInIndex = 1; lastKnownFileType = text.xcconfig; name = "Pods-timeschedule2.debug.xcconfig"; path = "Target Support Files/Pods-timeschedule2/Pods-timeschedule2.debug.xcconfig"; sourceTree = "<group>"; };
		9DD07E197D5730309F050F32 /* Pods-timeschedule2.release.xcconfig */ = {isa = PBXFileReference; includeInIndex = 1; lastKnownFileType = text.xcconfig; name = "Pods-timeschedule2.release.xcconfig"; path = "Target Support Files/Pods-timeschedule2/Pods-timeschedule2.release.xcconfig"; sourceTree = "<group>"; };
		F17F401B25F4A31F008DF6AB /* timeschedule2.app */ = {isa = PBXFileReference; explicitFileType = wrapper.application; includeInIndex = 0; path = timeschedule2.app; sourceTree = BUILT_PRODUCTS_DIR; };
		F17F401E25F4A31F008DF6AB /* AppDelegate.swift */ = {isa = PBXFileReference; lastKnownFileType = sourcecode.swift; path = AppDelegate.swift; sourceTree = "<group>"; };
		F17F402025F4A31F008DF6AB /* SceneDelegate.swift */ = {isa = PBXFileReference; lastKnownFileType = sourcecode.swift; path = SceneDelegate.swift; sourceTree = "<group>"; };
		F17F402225F4A31F008DF6AB /* ViewController.swift */ = {isa = PBXFileReference; lastKnownFileType = sourcecode.swift; path = ViewController.swift; sourceTree = "<group>"; };
		F17F402525F4A31F008DF6AB /* Base */ = {isa = PBXFileReference; lastKnownFileType = file.storyboard; name = Base; path = Base.lproj/Main.storyboard; sourceTree = "<group>"; };
		F17F402725F4A320008DF6AB /* Assets.xcassets */ = {isa = PBXFileReference; lastKnownFileType = folder.assetcatalog; path = Assets.xcassets; sourceTree = "<group>"; };
		F17F402A25F4A320008DF6AB /* Base */ = {isa = PBXFileReference; lastKnownFileType = file.storyboard; name = Base; path = Base.lproj/LaunchScreen.storyboard; sourceTree = "<group>"; };
		F17F402C25F4A320008DF6AB /* Info.plist */ = {isa = PBXFileReference; lastKnownFileType = text.plist.xml; path = Info.plist; sourceTree = "<group>"; };
		F17F403125F4A320008DF6AB /* timeschedule2Tests.xctest */ = {isa = PBXFileReference; explicitFileType = wrapper.cfbundle; includeInIndex = 0; path = timeschedule2Tests.xctest; sourceTree = BUILT_PRODUCTS_DIR; };
		F17F403525F4A320008DF6AB /* timeschedule2Tests.swift */ = {isa = PBXFileReference; lastKnownFileType = sourcecode.swift; path = timeschedule2Tests.swift; sourceTree = "<group>"; };
		F17F403725F4A320008DF6AB /* Info.plist */ = {isa = PBXFileReference; lastKnownFileType = text.plist.xml; path = Info.plist; sourceTree = "<group>"; };
		F17F403C25F4A320008DF6AB /* timeschedule2UITests.xctest */ = {isa = PBXFileReference; explicitFileType = wrapper.cfbundle; includeInIndex = 0; path = timeschedule2UITests.xctest; sourceTree = BUILT_PRODUCTS_DIR; };
		F17F404025F4A320008DF6AB /* timeschedule2UITests.swift */ = {isa = PBXFileReference; lastKnownFileType = sourcecode.swift; path = timeschedule2UITests.swift; sourceTree = "<group>"; };
		F17F404225F4A320008DF6AB /* Info.plist */ = {isa = PBXFileReference; lastKnownFileType = text.plist.xml; path = Info.plist; sourceTree = "<group>"; };
		F17F405125F4A49D008DF6AB /* TableViewCell.swift */ = {isa = PBXFileReference; lastKnownFileType = sourcecode.swift; path = TableViewCell.swift; sourceTree = "<group>"; };
		F17F405225F4A49D008DF6AB /* TableViewCell.xib */ = {isa = PBXFileReference; lastKnownFileType = file.xib; path = TableViewCell.xib; sourceTree = "<group>"; };
		F17F405825F4A564008DF6AB /* GraphViewController.swift */ = {isa = PBXFileReference; lastKnownFileType = sourcecode.swift; path = GraphViewController.swift; sourceTree = "<group>"; };
		F17F405D25F4A5A2008DF6AB /* ChartView.swift */ = {isa = PBXFileReference; lastKnownFileType = sourcecode.swift; path = ChartView.swift; sourceTree = "<group>"; };
		F17F406225F4A5D1008DF6AB /* NyuryokuViewController.swift */ = {isa = PBXFileReference; lastKnownFileType = sourcecode.swift; path = NyuryokuViewController.swift; sourceTree = "<group>"; };
		F17F406725F4A603008DF6AB /* CustomTableViewCell.swift */ = {isa = PBXFileReference; lastKnownFileType = sourcecode.swift; path = CustomTableViewCell.swift; sourceTree = "<group>"; };
		F17F406825F4A603008DF6AB /* CustomTableViewCell.xib */ = {isa = PBXFileReference; lastKnownFileType = file.xib; path = CustomTableViewCell.xib; sourceTree = "<group>"; };
		F17F406E25F4A69B008DF6AB /* PageViewController.swift */ = {isa = PBXFileReference; lastKnownFileType = sourcecode.swift; path = PageViewController.swift; sourceTree = "<group>"; };
		F17F407C25F4B942008DF6AB /* time.swift */ = {isa = PBXFileReference; lastKnownFileType = sourcecode.swift; path = time.swift; sourceTree = "<group>"; };
/* End PBXFileReference section */

/* Begin PBXFrameworksBuildPhase section */
		F17F401825F4A31F008DF6AB /* Frameworks */ = {
			isa = PBXFrameworksBuildPhase;
			buildActionMask = 2147483647;
			files = (
				56EBA6AAAC4C6A9A75BE41A2 /* Pods_timeschedule2.framework in Frameworks */,
			);
			runOnlyForDeploymentPostprocessing = 0;
		};
		F17F402E25F4A320008DF6AB /* Frameworks */ = {
			isa = PBXFrameworksBuildPhase;
			buildActionMask = 2147483647;
			files = (
			);
			runOnlyForDeploymentPostprocessing = 0;
		};
		F17F403925F4A320008DF6AB /* Frameworks */ = {
			isa = PBXFrameworksBuildPhase;
			buildActionMask = 2147483647;
			files = (
			);
			runOnlyForDeploymentPostprocessing = 0;
		};
/* End PBXFrameworksBuildPhase section */

/* Begin PBXGroup section */
		13EFF70A2096343DA903A291 /* Frameworks */ = {
			isa = PBXGroup;
			children = (
				24B48CA2C52161016E4A1F89 /* Pods_timeschedule2.framework */,
			);
			name = Frameworks;
			sourceTree = "<group>";
		};
		80844568E06569335646841D /* Pods */ = {
			isa = PBXGroup;
			children = (
				2C49184580E140421AC0AC4F /* Pods-timeschedule2.debug.xcconfig */,
				9DD07E197D5730309F050F32 /* Pods-timeschedule2.release.xcconfig */,
			);
			path = Pods;
			sourceTree = "<group>";
		};
		F17F401225F4A31F008DF6AB = {
			isa = PBXGroup;
			children = (
				F17F401D25F4A31F008DF6AB /* timeschedule2 */,
				F17F403425F4A320008DF6AB /* timeschedule2Tests */,
				F17F403F25F4A320008DF6AB /* timeschedule2UITests */,
				F17F401C25F4A31F008DF6AB /* Products */,
				80844568E06569335646841D /* Pods */,
				13EFF70A2096343DA903A291 /* Frameworks */,
			);
			sourceTree = "<group>";
		};
		F17F401C25F4A31F008DF6AB /* Products */ = {
			isa = PBXGroup;
			children = (
				F17F401B25F4A31F008DF6AB /* timeschedule2.app */,
				F17F403125F4A320008DF6AB /* timeschedule2Tests.xctest */,
				F17F403C25F4A320008DF6AB /* timeschedule2UITests.xctest */,
			);
			name = Products;
			sourceTree = "<group>";
		};
		F17F401D25F4A31F008DF6AB /* timeschedule2 */ = {
			isa = PBXGroup;
			children = (
				F17F401E25F4A31F008DF6AB /* AppDelegate.swift */,
				F17F402025F4A31F008DF6AB /* SceneDelegate.swift */,
				F17F402225F4A31F008DF6AB /* ViewController.swift */,
				F17F407C25F4B942008DF6AB /* time.swift */,
				F17F405125F4A49D008DF6AB /* TableViewCell.swift */,
				F17F405225F4A49D008DF6AB /* TableViewCell.xib */,
				F17F405825F4A564008DF6AB /* GraphViewController.swift */,
				F17F405D25F4A5A2008DF6AB /* ChartView.swift */,
				F17F406225F4A5D1008DF6AB /* NyuryokuViewController.swift */,
				F17F406725F4A603008DF6AB /* CustomTableViewCell.swift */,
				F17F406825F4A603008DF6AB /* CustomTableViewCell.xib */,
				F17F402425F4A31F008DF6AB /* Main.storyboard */,
				F17F406E25F4A69B008DF6AB /* PageViewController.swift */,
				F17F402725F4A320008DF6AB /* Assets.xcassets */,
				F17F402925F4A320008DF6AB /* LaunchScreen.storyboard */,
				F17F402C25F4A320008DF6AB /* Info.plist */,
			);
			path = timeschedule2;
			sourceTree = "<group>";
		};
		F17F403425F4A320008DF6AB /* timeschedule2Tests */ = {
			isa = PBXGroup;
			children = (
				F17F403525F4A320008DF6AB /* timeschedule2Tests.swift */,
				F17F403725F4A320008DF6AB /* Info.plist */,
			);
			path = timeschedule2Tests;
			sourceTree = "<group>";
		};
		F17F403F25F4A320008DF6AB /* timeschedule2UITests */ = {
			isa = PBXGroup;
			children = (
				F17F404025F4A320008DF6AB /* timeschedule2UITests.swift */,
				F17F404225F4A320008DF6AB /* Info.plist */,
			);
			path = timeschedule2UITests;
			sourceTree = "<group>";
		};
/* End PBXGroup section */

/* Begin PBXNativeTarget section */
		F17F401A25F4A31F008DF6AB /* timeschedule2 */ = {
			isa = PBXNativeTarget;
			buildConfigurationList = F17F404525F4A320008DF6AB /* Build configuration list for PBXNativeTarget "timeschedule2" */;
			buildPhases = (
				CAE701CC165C5455EE4A96B5 /* [CP] Check Pods Manifest.lock */,
				F17F401725F4A31F008DF6AB /* Sources */,
				F17F401825F4A31F008DF6AB /* Frameworks */,
				F17F401925F4A31F008DF6AB /* Resources */,
				5C354D188280B83652860F35 /* [CP] Embed Pods Frameworks */,
			);
			buildRules = (
			);
			dependencies = (
			);
			name = timeschedule2;
			productName = timeschedule2;
			productReference = F17F401B25F4A31F008DF6AB /* timeschedule2.app */;
			productType = "com.apple.product-type.application";
		};
		F17F403025F4A320008DF6AB /* timeschedule2Tests */ = {
			isa = PBXNativeTarget;
			buildConfigurationList = F17F404825F4A320008DF6AB /* Build configuration list for PBXNativeTarget "timeschedule2Tests" */;
			buildPhases = (
				F17F402D25F4A320008DF6AB /* Sources */,
				F17F402E25F4A320008DF6AB /* Frameworks */,
				F17F402F25F4A320008DF6AB /* Resources */,
			);
			buildRules = (
			);
			dependencies = (
				F17F403325F4A320008DF6AB /* PBXTargetDependency */,
			);
			name = timeschedule2Tests;
			productName = timeschedule2Tests;
			productReference = F17F403125F4A320008DF6AB /* timeschedule2Tests.xctest */;
			productType = "com.apple.product-type.bundle.unit-test";
		};
		F17F403B25F4A320008DF6AB /* timeschedule2UITests */ = {
			isa = PBXNativeTarget;
			buildConfigurationList = F17F404B25F4A320008DF6AB /* Build configuration list for PBXNativeTarget "timeschedule2UITests" */;
			buildPhases = (
				F17F403825F4A320008DF6AB /* Sources */,
				F17F403925F4A320008DF6AB /* Frameworks */,
				F17F403A25F4A320008DF6AB /* Resources */,
			);
			buildRules = (
			);
			dependencies = (
				F17F403E25F4A320008DF6AB /* PBXTargetDependency */,
			);
			name = timeschedule2UITests;
			productName = timeschedule2UITests;
			productReference = F17F403C25F4A320008DF6AB /* timeschedule2UITests.xctest */;
			productType = "com.apple.product-type.bundle.ui-testing";
		};
/* End PBXNativeTarget section */

/* Begin PBXProject section */
		F17F401325F4A31F008DF6AB /* Project object */ = {
			isa = PBXProject;
			attributes = {
				LastSwiftUpdateCheck = 1240;
				LastUpgradeCheck = 1240;
				TargetAttributes = {
					F17F401A25F4A31F008DF6AB = {
						CreatedOnToolsVersion = 12.4;
					};
					F17F403025F4A320008DF6AB = {
						CreatedOnToolsVersion = 12.4;
						TestTargetID = F17F401A25F4A31F008DF6AB;
					};
					F17F403B25F4A320008DF6AB = {
						CreatedOnToolsVersion = 12.4;
						TestTargetID = F17F401A25F4A31F008DF6AB;
					};
				};
			};
			buildConfigurationList = F17F401625F4A31F008DF6AB /* Build configuration list for PBXProject "timeschedule2" */;
			compatibilityVersion = "Xcode 9.3";
			developmentRegion = en;
			hasScannedForEncodings = 0;
			knownRegions = (
				en,
				Base,
			);
			mainGroup = F17F401225F4A31F008DF6AB;
			productRefGroup = F17F401C25F4A31F008DF6AB /* Products */;
			projectDirPath = "";
			projectRoot = "";
			targets = (
				F17F401A25F4A31F008DF6AB /* timeschedule2 */,
				F17F403025F4A320008DF6AB /* timeschedule2Tests */,
				F17F403B25F4A320008DF6AB /* timeschedule2UITests */,
			);
		};
/* End PBXProject section */

/* Begin PBXResourcesBuildPhase section */
		F17F401925F4A31F008DF6AB /* Resources */ = {
			isa = PBXResourcesBuildPhase;
			buildActionMask = 2147483647;
			files = (
				F17F402B25F4A320008DF6AB /* LaunchScreen.storyboard in Resources */,
				F17F405425F4A49D008DF6AB /* TableViewCell.xib in Resources */,
				F17F402825F4A320008DF6AB /* Assets.xcassets in Resources */,
				F17F406A25F4A603008DF6AB /* CustomTableViewCell.xib in Resources */,
				F17F402625F4A31F008DF6AB /* Main.storyboard in Resources */,
			);
			runOnlyForDeploymentPostprocessing = 0;
		};
		F17F402F25F4A320008DF6AB /* Resources */ = {
			isa = PBXResourcesBuildPhase;
			buildActionMask = 2147483647;
			files = (
			);
			runOnlyForDeploymentPostprocessing = 0;
		};
		F17F403A25F4A320008DF6AB /* Resources */ = {
			isa = PBXResourcesBuildPhase;
			buildActionMask = 2147483647;
			files = (
			);
			runOnlyForDeploymentPostprocessing = 0;
		};
/* End PBXResourcesBuildPhase section */

/* Begin PBXShellScriptBuildPhase section */
		5C354D188280B83652860F35 /* [CP] Embed Pods Frameworks */ = {
			isa = PBXShellScriptBuildPhase;
			buildActionMask = 2147483647;
			files = (
			);
			inputFileListPaths = (
				"${PODS_ROOT}/Target Support Files/Pods-timeschedule2/Pods-timeschedule2-frameworks-${CONFIGURATION}-input-files.xcfilelist",
			);
			name = "[CP] Embed Pods Frameworks";
			outputFileListPaths = (
				"${PODS_ROOT}/Target Support Files/Pods-timeschedule2/Pods-timeschedule2-frameworks-${CONFIGURATION}-output-files.xcfilelist",
			);
			runOnlyForDeploymentPostprocessing = 0;
			shellPath = /bin/sh;
			shellScript = "\"${PODS_ROOT}/Target Support Files/Pods-timeschedule2/Pods-timeschedule2-frameworks.sh\"\n";
			showEnvVarsInLog = 0;
		};
		CAE701CC165C5455EE4A96B5 /* [CP] Check Pods Manifest.lock */ = {
			isa = PBXShellScriptBuildPhase;
			buildActionMask = 2147483647;
			files = (
			);
			inputFileListPaths = (
			);
			inputPaths = (
				"${PODS_PODFILE_DIR_PATH}/Podfile.lock",
				"${PODS_ROOT}/Manifest.lock",
			);
			name = "[CP] Check Pods Manifest.lock";
			outputFileListPaths = (
			);
			outputPaths = (
				"$(DERIVED_FILE_DIR)/Pods-timeschedule2-checkManifestLockResult.txt",
			);
			runOnlyForDeploymentPostprocessing = 0;
			shellPath = /bin/sh;
			shellScript = "diff \"${PODS_PODFILE_DIR_PATH}/Podfile.lock\" \"${PODS_ROOT}/Manifest.lock\" > /dev/null\nif [ $? != 0 ] ; then\n    # print error to STDERR\n    echo \"error: The sandbox is not in sync with the Podfile.lock. Run 'pod install' or update your CocoaPods installation.\" >&2\n    exit 1\nfi\n# This output is used by Xcode 'outputs' to avoid re-running this script phase.\necho \"SUCCESS\" > \"${SCRIPT_OUTPUT_FILE_0}\"\n";
			showEnvVarsInLog = 0;
		};
/* End PBXShellScriptBuildPhase section */

/* Begin PBXSourcesBuildPhase section */
		F17F401725F4A31F008DF6AB /* Sources */ = {
			isa = PBXSourcesBuildPhase;
			buildActionMask = 2147483647;
			files = (
				F17F402325F4A31F008DF6AB /* ViewController.swift in Sources */,
				F17F405925F4A564008DF6AB /* GraphViewController.swift in Sources */,
				F17F406925F4A603008DF6AB /* CustomTableViewCell.swift in Sources */,
				F17F405E25F4A5A2008DF6AB /* ChartView.swift in Sources */,
				F17F405325F4A49D008DF6AB /* TableViewCell.swift in Sources */,
				F17F401F25F4A31F008DF6AB /* AppDelegate.swift in Sources */,
				F17F406F25F4A69B008DF6AB /* PageViewController.swift in Sources */,
				F17F406325F4A5D1008DF6AB /* NyuryokuViewController.swift in Sources */,
				F17F407D25F4B942008DF6AB /* time.swift in Sources */,
				F17F402125F4A31F008DF6AB /* SceneDelegate.swift in Sources */,
			);
			runOnlyForDeploymentPostprocessing = 0;
		};
		F17F402D25F4A320008DF6AB /* Sources */ = {
			isa = PBXSourcesBuildPhase;
			buildActionMask = 2147483647;
			files = (
				F17F403625F4A320008DF6AB /* timeschedule2Tests.swift in Sources */,
			);
			runOnlyForDeploymentPostprocessing = 0;
		};
		F17F403825F4A320008DF6AB /* Sources */ = {
			isa = PBXSourcesBuildPhase;
			buildActionMask = 2147483647;
			files = (
				F17F404125F4A320008DF6AB /* timeschedule2UITests.swift in Sources */,
			);
			runOnlyForDeploymentPostprocessing = 0;
		};
/* End PBXSourcesBuildPhase section */

/* Begin PBXTargetDependency section */
		F17F403325F4A320008DF6AB /* PBXTargetDependency */ = {
			isa = PBXTargetDependency;
			target = F17F401A25F4A31F008DF6AB /* timeschedule2 */;
			targetProxy = F17F403225F4A320008DF6AB /* PBXContainerItemProxy */;
		};
		F17F403E25F4A320008DF6AB /* PBXTargetDependency */ = {
			isa = PBXTargetDependency;
			target = F17F401A25F4A31F008DF6AB /* timeschedule2 */;
			targetProxy = F17F403D25F4A320008DF6AB /* PBXContainerItemProxy */;
		};
/* End PBXTargetDependency section */

/* Begin PBXVariantGroup section */
		F17F402425F4A31F008DF6AB /* Main.storyboard */ = {
			isa = PBXVariantGroup;
			children = (
				F17F402525F4A31F008DF6AB /* Base */,
			);
			name = Main.storyboard;
			sourceTree = "<group>";
		};
		F17F402925F4A320008DF6AB /* LaunchScreen.storyboard */ = {
			isa = PBXVariantGroup;
			children = (
				F17F402A25F4A320008DF6AB /* Base */,
			);
			name = LaunchScreen.storyboard;
			sourceTree = "<group>";
		};
/* End PBXVariantGroup section */

/* Begin XCBuildConfiguration section */
		F17F404325F4A320008DF6AB /* Debug */ = {
			isa = XCBuildConfiguration;
			buildSettings = {
				ALWAYS_SEARCH_USER_PATHS = NO;
				CLANG_ANALYZER_NONNULL = YES;
				CLANG_ANALYZER_NUMBER_OBJECT_CONVERSION = YES_AGGRESSIVE;
				CLANG_CXX_LANGUAGE_STANDARD = "gnu++14";
				CLANG_CXX_LIBRARY = "libc++";
				CLANG_ENABLE_MODULES = YES;
				CLANG_ENABLE_OBJC_ARC = YES;
				CLANG_ENABLE_OBJC_WEAK = YES;
				CLANG_WARN_BLOCK_CAPTURE_AUTORELEASING = YES;
				CLANG_WARN_BOOL_CONVERSION = YES;
				CLANG_WARN_COMMA = YES;
				CLANG_WARN_CONSTANT_CONVERSION = YES;
				CLANG_WARN_DEPRECATED_OBJC_IMPLEMENTATIONS = YES;
				CLANG_WARN_DIRECT_OBJC_ISA_USAGE = YES_ERROR;
				CLANG_WARN_DOCUMENTATION_COMMENTS = YES;
				CLANG_WARN_EMPTY_BODY = YES;
				CLANG_WARN_ENUM_CONVERSION = YES;
				CLANG_WARN_INFINITE_RECURSION = YES;
				CLANG_WARN_INT_CONVERSION = YES;
				CLANG_WARN_NON_LITERAL_NULL_CONVERSION = YES;
				CLANG_WARN_OBJC_IMPLICIT_RETAIN_SELF = YES;
				CLANG_WARN_OBJC_LITERAL_CONVERSION = YES;
				CLANG_WARN_OBJC_ROOT_CLASS = YES_ERROR;
				CLANG_WARN_QUOTED_INCLUDE_IN_FRAMEWORK_HEADER = YES;
				CLANG_WARN_RANGE_LOOP_ANALYSIS = YES;
				CLANG_WARN_STRICT_PROTOTYPES = YES;
				CLANG_WARN_SUSPICIOUS_MOVE = YES;
				CLANG_WARN_UNGUARDED_AVAILABILITY = YES_AGGRESSIVE;
				CLANG_WARN_UNREACHABLE_CODE = YES;
				CLANG_WARN__DUPLICATE_METHOD_MATCH = YES;
				COPY_PHASE_STRIP = NO;
				DEBUG_INFORMATION_FORMAT = dwarf;
				ENABLE_STRICT_OBJC_MSGSEND = YES;
				ENABLE_TESTABILITY = YES;
				GCC_C_LANGUAGE_STANDARD = gnu11;
				GCC_DYNAMIC_NO_PIC = NO;
				GCC_NO_COMMON_BLOCKS = YES;
				GCC_OPTIMIZATION_LEVEL = 0;
				GCC_PREPROCESSOR_DEFINITIONS = (
					"DEBUG=1",
					"$(inherited)",
				);
				GCC_WARN_64_TO_32_BIT_CONVERSION = YES;
				GCC_WARN_ABOUT_RETURN_TYPE = YES_ERROR;
				GCC_WARN_UNDECLARED_SELECTOR = YES;
				GCC_WARN_UNINITIALIZED_AUTOS = YES_AGGRESSIVE;
				GCC_WARN_UNUSED_FUNCTION = YES;
				GCC_WARN_UNUSED_VARIABLE = YES;
				IPHONEOS_DEPLOYMENT_TARGET = 14.4;
				MTL_ENABLE_DEBUG_INFO = INCLUDE_SOURCE;
				MTL_FAST_MATH = YES;
				ONLY_ACTIVE_ARCH = YES;
				SDKROOT = iphoneos;
				SWIFT_ACTIVE_COMPILATION_CONDITIONS = DEBUG;
				SWIFT_OPTIMIZATION_LEVEL = "-Onone";
			};
			name = Debug;
		};
		F17F404425F4A320008DF6AB /* Release */ = {
			isa = XCBuildConfiguration;
			buildSettings = {
				ALWAYS_SEARCH_USER_PATHS = NO;
				CLANG_ANALYZER_NONNULL = YES;
				CLANG_ANALYZER_NUMBER_OBJECT_CONVERSION = YES_AGGRESSIVE;
				CLANG_CXX_LANGUAGE_STANDARD = "gnu++14";
				CLANG_CXX_LIBRARY = "libc++";
				CLANG_ENABLE_MODULES = YES;
				CLANG_ENABLE_OBJC_ARC = YES;
				CLANG_ENABLE_OBJC_WEAK = YES;
				CLANG_WARN_BLOCK_CAPTURE_AUTORELEASING = YES;
				CLANG_WARN_BOOL_CONVERSION = YES;
				CLANG_WARN_COMMA = YES;
				CLANG_WARN_CONSTANT_CONVERSION = YES;
				CLANG_WARN_DEPRECATED_OBJC_IMPLEMENTATIONS = YES;
				CLANG_WARN_DIRECT_OBJC_ISA_USAGE = YES_ERROR;
				CLANG_WARN_DOCUMENTATION_COMMENTS = YES;
				CLANG_WARN_EMPTY_BODY = YES;
				CLANG_WARN_ENUM_CONVERSION = YES;
				CLANG_WARN_INFINITE_RECURSION = YES;
				CLANG_WARN_INT_CONVERSION = YES;
				CLANG_WARN_NON_LITERAL_NULL_CONVERSION = YES;
				CLANG_WARN_OBJC_IMPLICIT_RETAIN_SELF = YES;
				CLANG_WARN_OBJC_LITERAL_CONVERSION = YES;
				CLANG_WARN_OBJC_ROOT_CLASS = YES_ERROR;
				CLANG_WARN_QUOTED_INCLUDE_IN_FRAMEWORK_HEADER = YES;
				CLANG_WARN_RANGE_LOOP_ANALYSIS = YES;
				CLANG_WARN_STRICT_PROTOTYPES = YES;
				CLANG_WARN_SUSPICIOUS_MOVE = YES;
				CLANG_WARN_UNGUARDED_AVAILABILITY = YES_AGGRESSIVE;
				CLANG_WARN_UNREACHABLE_CODE = YES;
				CLANG_WARN__DUPLICATE_METHOD_MATCH = YES;
				COPY_PHASE_STRIP = NO;
				DEBUG_INFORMATION_FORMAT = "dwarf-with-dsym";
				ENABLE_NS_ASSERTIONS = NO;
				ENABLE_STRICT_OBJC_MSGSEND = YES;
				GCC_C_LANGUAGE_STANDARD = gnu11;
				GCC_NO_COMMON_BLOCKS = YES;
				GCC_WARN_64_TO_32_BIT_CONVERSION = YES;
				GCC_WARN_ABOUT_RETURN_TYPE = YES_ERROR;
				GCC_WARN_UNDECLARED_SELECTOR = YES;
				GCC_WARN_UNINITIALIZED_AUTOS = YES_AGGRESSIVE;
				GCC_WARN_UNUSED_FUNCTION = YES;
				GCC_WARN_UNUSED_VARIABLE = YES;
				IPHONEOS_DEPLOYMENT_TARGET = 14.4;
				MTL_ENABLE_DEBUG_INFO = NO;
				MTL_FAST_MATH = YES;
				SDKROOT = iphoneos;
				SWIFT_COMPILATION_MODE = wholemodule;
				SWIFT_OPTIMIZATION_LEVEL = "-O";
				VALIDATE_PRODUCT = YES;
			};
			name = Release;
		};
		F17F404625F4A320008DF6AB /* Debug */ = {
			isa = XCBuildConfiguration;
			baseConfigurationReference = 2C49184580E140421AC0AC4F /* Pods-timeschedule2.debug.xcconfig */;
			buildSettings = {
				ASSETCATALOG_COMPILER_APPICON_NAME = AppIcon;
				ASSETCATALOG_COMPILER_GLOBAL_ACCENT_COLOR_NAME = AccentColor;
				CODE_SIGN_STYLE = Automatic;
				INFOPLIST_FILE = timeschedule2/Info.plist;
				LD_RUNPATH_SEARCH_PATHS = (
					"$(inherited)",
					"@executable_path/Frameworks",
				);
				PRODUCT_BUNDLE_IDENTIFIER = com.litech.timeschedule2;
				PRODUCT_NAME = "$(TARGET_NAME)";
				SWIFT_VERSION = 5.0;
				TARGETED_DEVICE_FAMILY = "1,2";
			};
			name = Debug;
		};
		F17F404725F4A320008DF6AB /* Release */ = {
			isa = XCBuildConfiguration;
			baseConfigurationReference = 9DD07E197D5730309F050F32 /* Pods-timeschedule2.release.xcconfig */;
			buildSettings = {
				ASSETCATALOG_COMPILER_APPICON_NAME = AppIcon;
				ASSETCATALOG_COMPILER_GLOBAL_ACCENT_COLOR_NAME = AccentColor;
				CODE_SIGN_STYLE = Automatic;
				INFOPLIST_FILE = timeschedule2/Info.plist;
				LD_RUNPATH_SEARCH_PATHS = (
					"$(inherited)",
					"@executable_path/Frameworks",
				);
				PRODUCT_BUNDLE_IDENTIFIER = com.litech.timeschedule2;
				PRODUCT_NAME = "$(TARGET_NAME)";
				SWIFT_VERSION = 5.0;
				TARGETED_DEVICE_FAMILY = "1,2";
			};
			name = Release;
		};
		F17F404925F4A320008DF6AB /* Debug */ = {
			isa = XCBuildConfiguration;
			buildSettings = {
				ALWAYS_EMBED_SWIFT_STANDARD_LIBRARIES = YES;
				BUNDLE_LOADER = "$(TEST_HOST)";
				CODE_SIGN_STYLE = Automatic;
				INFOPLIST_FILE = timeschedule2Tests/Info.plist;
				IPHONEOS_DEPLOYMENT_TARGET = 14.4;
				LD_RUNPATH_SEARCH_PATHS = (
					"$(inherited)",
					"@executable_path/Frameworks",
					"@loader_path/Frameworks",
				);
				PRODUCT_BUNDLE_IDENTIFIER = com.litech.timeschedule2Tests;
				PRODUCT_NAME = "$(TARGET_NAME)";
				SWIFT_VERSION = 5.0;
				TARGETED_DEVICE_FAMILY = "1,2";
				TEST_HOST = "$(BUILT_PRODUCTS_DIR)/timeschedule2.app/timeschedule2";
			};
			name = Debug;
		};
		F17F404A25F4A320008DF6AB /* Release */ = {
			isa = XCBuildConfiguration;
			buildSettings = {
				ALWAYS_EMBED_SWIFT_STANDARD_LIBRARIES = YES;
				BUNDLE_LOADER = "$(TEST_HOST)";
				CODE_SIGN_STYLE = Automatic;
				INFOPLIST_FILE = timeschedule2Tests/Info.plist;
				IPHONEOS_DEPLOYMENT_TARGET = 14.4;
				LD_RUNPATH_SEARCH_PATHS = (
					"$(inherited)",
					"@executable_path/Frameworks",
					"@loader_path/Frameworks",
				);
				PRODUCT_BUNDLE_IDENTIFIER = com.litech.timeschedule2Tests;
				PRODUCT_NAME = "$(TARGET_NAME)";
				SWIFT_VERSION = 5.0;
				TARGETED_DEVICE_FAMILY = "1,2";
				TEST_HOST = "$(BUILT_PRODUCTS_DIR)/timeschedule2.app/timeschedule2";
			};
			name = Release;
		};
		F17F404C25F4A320008DF6AB /* Debug */ = {
			isa = XCBuildConfiguration;
			buildSettings = {
				ALWAYS_EMBED_SWIFT_STANDARD_LIBRARIES = YES;
				CODE_SIGN_STYLE = Automatic;
				INFOPLIST_FILE = timeschedule2UITests/Info.plist;
				LD_RUNPATH_SEARCH_PATHS = (
					"$(inherited)",
					"@executable_path/Frameworks",
					"@loader_path/Frameworks",
				);
				PRODUCT_BUNDLE_IDENTIFIER = com.litech.timeschedule2UITests;
				PRODUCT_NAME = "$(TARGET_NAME)";
				SWIFT_VERSION = 5.0;
				TARGETED_DEVICE_FAMILY = "1,2";
				TEST_TARGET_NAME = timeschedule2;
			};
			name = Debug;
		};
		F17F404D25F4A320008DF6AB /* Release */ = {
			isa = XCBuildConfiguration;
			buildSettings = {
				ALWAYS_EMBED_SWIFT_STANDARD_LIBRARIES = YES;
				CODE_SIGN_STYLE = Automatic;
				INFOPLIST_FILE = timeschedule2UITests/Info.plist;
				LD_RUNPATH_SEARCH_PATHS = (
					"$(inherited)",
					"@executable_path/Frameworks",
					"@loader_path/Frameworks",
				);
				PRODUCT_BUNDLE_IDENTIFIER = com.litech.timeschedule2UITests;
				PRODUCT_NAME = "$(TARGET_NAME)";
				SWIFT_VERSION = 5.0;
				TARGETED_DEVICE_FAMILY = "1,2";
				TEST_TARGET_NAME = timeschedule2;
			};
			name = Release;
		};
/* End XCBuildConfiguration section */

/* Begin XCConfigurationList section */
		F17F401625F4A31F008DF6AB /* Build configuration list for PBXProject "timeschedule2" */ = {
			isa = XCConfigurationList;
			buildConfigurations = (
				F17F404325F4A320008DF6AB /* Debug */,
				F17F404425F4A320008DF6AB /* Release */,
			);
			defaultConfigurationIsVisible = 0;
			defaultConfigurationName = Release;
		};
		F17F404525F4A320008DF6AB /* Build configuration list for PBXNativeTarget "timeschedule2" */ = {
			isa = XCConfigurationList;
			buildConfigurations = (
				F17F404625F4A320008DF6AB /* Debug */,
				F17F404725F4A320008DF6AB /* Release */,
			);
			defaultConfigurationIsVisible = 0;
			defaultConfigurationName = Release;
		};
		F17F404825F4A320008DF6AB /* Build configuration list for PBXNativeTarget "timeschedule2Tests" */ = {
			isa = XCConfigurationList;
			buildConfigurations = (
				F17F404925F4A320008DF6AB /* Debug */,
				F17F404A25F4A320008DF6AB /* Release */,
			);
			defaultConfigurationIsVisible = 0;
			defaultConfigurationName = Release;
		};
		F17F404B25F4A320008DF6AB /* Build configuration list for PBXNativeTarget "timeschedule2UITests" */ = {
			isa = XCConfigurationList;
			buildConfigurations = (
				F17F404C25F4A320008DF6AB /* Debug */,
				F17F404D25F4A320008DF6AB /* Release */,
			);
			defaultConfigurationIsVisible = 0;
			defaultConfigurationName = Release;
		};
/* End XCConfigurationList section */
	};
	rootObject = F17F401325F4A31F008DF6AB /* Project object */;
}
